
Microsoft Visual Studio Solution File, Format Version 12.00
# Visual Studio Version 17
VisualStudioVersion = 17.9.34902.65
MinimumVisualStudioVersion = 10.0.40219.1
Project("{888888A0-9F3D-457C-B088-3A5042F75D52}") = "cinema_booking_system", "cinema_booking_system.pyproj", "{86FD1FDB-B4C7-444E-BB3E-AEE35A870FE0}"
EndProject
Global
	GlobalSection(SolutionConfigurationPlatforms) = preSolution
		Debug|Any CPU = Debug|Any CPU
		Release|Any CPU = Release|Any CPU
	EndGlobalSection
	GlobalSection(ProjectConfigurationPlatforms) = postSolution
		{86FD1FDB-B4C7-444E-BB3E-AEE35A870FE0}.Debug|Any CPU.ActiveCfg = Debug|Any CPU
		{86FD1FDB-B4C7-444E-BB3E-AEE35A870FE0}.Release|Any CPU.ActiveCfg = Release|Any CPU
	EndGlobalSection
	GlobalSection(SolutionProperties) = preSolution
		HideSolutionNode = FALSE
	EndGlobalSection
	GlobalSection(ExtensibilityGlobals) = postSolution
		SolutionGuid = {F9B23D2C-5653-44D7-94A3-61B813EAF8C6}
	EndGlobalSection
EndGlobal
